
Microsoft Visual Studio Solution File, Format Version 12.00
# Visual Studio Version 17
VisualStudioVersion = 17.0.31903.59
MinimumVisualStudioVersion = 10.0.40219.1
Project("{2150E333-8FDC-42A3-9474-1A3956D46DE8}") = "src", "src", "{827E0CD3-B72D-47B6-A68D-7590B98EB39B}"
EndProject
Project("{FAE04EC0-301F-11D3-BF4B-00C04F79EFBC}") = "DurableStack.Core", "src\DurableStack.Core\DurableStack.Core.csproj", "{7ACA0E8B-250C-4EF8-845E-98AB967128AD}"
EndProject
Project("{FAE04EC0-301F-11D3-BF4B-00C04F79EFBC}") = "DurableStack.Postgres", "src\DurableStack.Postgres\DurableStack.Postgres.csproj", "{E61813AE-3BA7-402E-AEEF-55D46137CBD4}"
EndProject
Project("{FAE04EC0-301F-11D3-BF4B-00C04F79EFBC}") = "DurableStack.Hosting", "src\DurableStack.Hosting\DurableStack.Hosting.csproj", "{F1D4CC91-AE63-47D9-83EA-14060A8FE859}"
EndProject
Project("{FAE04EC0-301F-11D3-BF4B-00C04F79EFBC}") = "DurableStack.Worker", "src\DurableStack.Worker\DurableStack.Worker.csproj", "{2B13C407-EB1E-446B-8654-DEFA27C7181D}"
EndProject
Project("{FAE04EC0-301F-11D3-BF4B-00C04F79EFBC}") = "DurableStack.Tests", "src\DurableStack.Tests\DurableStack.Tests.csproj", "{833BE479-2DDE-468D-B1BA-00CB4F98AED6}"
EndProject
Project("{FAE04EC0-301F-11D3-BF4B-00C04F79EFBC}") = "HostingExample", "examples\HostingExample\HostingExample.csproj", "{0CF3E4FF-8DD2-40BD-9672-DA4D3270D8C3}"
EndProject
Project("{FAE04EC0-301F-11D3-BF4B-00C04F79EFBC}") = "WorkerServiceExample", "examples\WorkerServiceExample\WorkerServiceExample.csproj", "{185BCF2B-BFFA-4EAE-A411-5C98B013C71E}"
EndProject
Project("{2150E333-8FDC-42A3-9474-1A3956D46DE8}") = "examples", "examples", "{02EA681E-C7D8-13C7-8484-4AC65E1B71E8}"
EndProject
Project("{2150E333-8FDC-42A3-9474-1A3956D46DE8}") = "tests", "tests", "{3CC8CC5A-CCC5-46AF-9BC4-0995ED486166}"
EndProject
Project("{FAE04EC0-301F-11D3-BF4B-00C04F79EFBC}") = "HostingPostgresExample", "examples\HostingPostgresExample\HostingPostgresExample.csproj", "{1B6A7492-8FBC-4B32-8C2A-5F2AAFCE2BBC}"
EndProject
Project("{FAE04EC0-301F-11D3-BF4B-00C04F79EFBC}") = "DurableStack.SqlServer", "src\DurableStack.SqlServer\DurableStack.SqlServer.csproj", "{7309237B-F7D4-4946-98D2-E45D7442EAFF}"
EndProject
Project("{FAE04EC0-301F-11D3-BF4B-00C04F79EFBC}") = "HostingSqlServerExample", "examples\HostingSqlServerExample\HostingSqlServerExample.csproj", "{3CDC1909-86AD-4428-B9CA-3093C05931A9}"
EndProject
Project("{FAE04EC0-301F-11D3-BF4B-00C04F79EFBC}") = "DurableStack.Sqlite", "src\DurableStack.Sqlite\DurableStack.Sqlite.csproj", "{4DD86878-087A-46F9-ADB9-1A636348AB8D}"
EndProject
Project("{FAE04EC0-301F-11D3-BF4B-00C04F79EFBC}") = "HostingSqliteExample", "examples\HostingSqliteExample\HostingSqliteExample.csproj", "{A33FE1DD-9730-4E38-BCE2-5350F2EEB550}"
EndProject
Project("{FAE04EC0-301F-11D3-BF4B-00C04F79EFBC}") = "HostingPostgresTestBed", "examples\HostingPostgresTestBed\HostingPostgresTestBed.csproj", "{0EE1AC21-2ADA-4BB1-AC95-E407F2507491}"
EndProject
Project("{FAE04EC0-301F-11D3-BF4B-00C04F79EFBC}") = "DurableStack.MySql", "src\DurableStack.MySql\DurableStack.MySql.csproj", "{C9CD3EFD-5131-47CC-B4B9-FEC87477C327}"
EndProject
Project("{FAE04EC0-301F-11D3-BF4B-00C04F79EFBC}") = "HostingMySqlExample", "examples\HostingMySqlExample\HostingMySqlExample.csproj", "{3B845A8C-90B9-4886-BD11-7873DDF96DB8}"
EndProject
Project("{FAE04EC0-301F-11D3-BF4B-00C04F79EFBC}") = "ConsoleInMemoryExample", "examples\ConsoleInMemoryExample\ConsoleInMemoryExample.csproj", "{0D56C92B-94F4-444F-997D-8C5BB37681F7}"
EndProject
Project("{FAE04EC0-301F-11D3-BF4B-00C04F79EFBC}") = "HostingMySqlTestBed", "examples\HostingMySqlTestBed\HostingMySqlTestBed.csproj", "{562A20C1-587A-46DA-B902-7D97CDC44278}"
EndProject
Global
	GlobalSection(SolutionConfigurationPlatforms) = preSolution
		Debug|Any CPU = Debug|Any CPU
		Debug|x64 = Debug|x64
		Debug|x86 = Debug|x86
		Release|Any CPU = Release|Any CPU
		Release|x64 = Release|x64
		Release|x86 = Release|x86
	EndGlobalSection
	GlobalSection(ProjectConfigurationPlatforms) = postSolution
		{7ACA0E8B-250C-4EF8-845E-98AB967128AD}.Debug|Any CPU.ActiveCfg = Debug|Any CPU
		{7ACA0E8B-250C-4EF8-845E-98AB967128AD}.Debug|Any CPU.Build.0 = Debug|Any CPU
		{7ACA0E8B-250C-4EF8-845E-98AB967128AD}.Debug|x64.ActiveCfg = Debug|Any CPU
		{7ACA0E8B-250C-4EF8-845E-98AB967128AD}.Debug|x64.Build.0 = Debug|Any CPU
		{7ACA0E8B-250C-4EF8-845E-98AB967128AD}.Debug|x86.ActiveCfg = Debug|Any CPU
		{7ACA0E8B-250C-4EF8-845E-98AB967128AD}.Debug|x86.Build.0 = Debug|Any CPU
		{7ACA0E8B-250C-4EF8-845E-98AB967128AD}.Release|Any CPU.ActiveCfg = Release|Any CPU
		{7ACA0E8B-250C-4EF8-845E-98AB967128AD}.Release|Any CPU.Build.0 = Release|Any CPU
		{7ACA0E8B-250C-4EF8-845E-98AB967128AD}.Release|x64.ActiveCfg = Release|Any CPU
		{7ACA0E8B-250C-4EF8-845E-98AB967128AD}.Release|x64.Build.0 = Release|Any CPU
		{7ACA0E8B-250C-4EF8-845E-98AB967128AD}.Release|x86.ActiveCfg = Release|Any CPU
		{7ACA0E8B-250C-4EF8-845E-98AB967128AD}.Release|x86.Build.0 = Release|Any CPU
		{E61813AE-3BA7-402E-AEEF-55D46137CBD4}.Debug|Any CPU.ActiveCfg = Debug|Any CPU
		{E61813AE-3BA7-402E-AEEF-55D46137CBD4}.Debug|Any CPU.Build.0 = Debug|Any CPU
		{E61813AE-3BA7-402E-AEEF-55D46137CBD4}.Debug|x64.ActiveCfg = Debug|Any CPU
		{E61813AE-3BA7-402E-AEEF-55D46137CBD4}.Debug|x64.Build.0 = Debug|Any CPU
		{E61813AE-3BA7-402E-AEEF-55D46137CBD4}.Debug|x86.ActiveCfg = Debug|Any CPU
		{E61813AE-3BA7-402E-AEEF-55D46137CBD4}.Debug|x86.Build.0 = Debug|Any CPU
		{E61813AE-3BA7-402E-AEEF-55D46137CBD4}.Release|Any CPU.ActiveCfg = Release|Any CPU
		{E61813AE-3BA7-402E-AEEF-55D46137CBD4}.Release|Any CPU.Build.0 = Release|Any CPU
		{E61813AE-3BA7-402E-AEEF-55D46137CBD4}.Release|x64.ActiveCfg = Release|Any CPU
		{E61813AE-3BA7-402E-AEEF-55D46137CBD4}.Release|x64.Build.0 = Release|Any CPU
		{E61813AE-3BA7-402E-AEEF-55D46137CBD4}.Release|x86.ActiveCfg = Release|Any CPU
		{E61813AE-3BA7-402E-AEEF-55D46137CBD4}.Release|x86.Build.0 = Release|Any CPU
		{F1D4CC91-AE63-47D9-83EA-14060A8FE859}.Debug|Any CPU.ActiveCfg = Debug|Any CPU
		{F1D4CC91-AE63-47D9-83EA-14060A8FE859}.Debug|Any CPU.Build.0 = Debug|Any CPU
		{F1D4CC91-AE63-47D9-83EA-14060A8FE859}.Debug|x64.ActiveCfg = Debug|Any CPU
		{F1D4CC91-AE63-47D9-83EA-14060A8FE859}.Debug|x64.Build.0 = Debug|Any CPU
		{F1D4CC91-AE63-47D9-83EA-14060A8FE859}.Debug|x86.ActiveCfg = Debug|Any CPU
		{F1D4CC91-AE63-47D9-83EA-14060A8FE859}.Debug|x86.Build.0 = Debug|Any CPU
		{F1D4CC91-AE63-47D9-83EA-14060A8FE859}.Release|Any CPU.ActiveCfg = Release|Any CPU
		{F1D4CC91-AE63-47D9-83EA-14060A8FE859}.Release|Any CPU.Build.0 = Release|Any CPU
		{F1D4CC91-AE63-47D9-83EA-14060A8FE859}.Release|x64.ActiveCfg = Release|Any CPU
		{F1D4CC91-AE63-47D9-83EA-14060A8FE859}.Release|x64.Build.0 = Release|Any CPU
		{F1D4CC91-AE63-47D9-83EA-14060A8FE859}.Release|x86.ActiveCfg = Release|Any CPU
		{F1D4CC91-AE63-47D9-83EA-14060A8FE859}.Release|x86.Build.0 = Release|Any CPU
		{2B13C407-EB1E-446B-8654-DEFA27C7181D}.Debug|Any CPU.ActiveCfg = Debug|Any CPU
		{2B13C407-EB1E-446B-8654-DEFA27C7181D}.Debug|Any CPU.Build.0 = Debug|Any CPU
		{2B13C407-EB1E-446B-8654-DEFA27C7181D}.Debug|x64.ActiveCfg = Debug|Any CPU
		{2B13C407-EB1E-446B-8654-DEFA27C7181D}.Debug|x64.Build.0 = Debug|Any CPU
		{2B13C407-EB1E-446B-8654-DEFA27C7181D}.Debug|x86.ActiveCfg = Debug|Any CPU
		{2B13C407-EB1E-446B-8654-DEFA27C7181D}.Debug|x86.Build.0 = Debug|Any CPU
		{2B13C407-EB1E-446B-8654-DEFA27C7181D}.Release|Any CPU.ActiveCfg = Release|Any CPU
		{2B13C407-EB1E-446B-8654-DEFA27C7181D}.Release|Any CPU.Build.0 = Release|Any CPU
		{2B13C407-EB1E-446B-8654-DEFA27C7181D}.Release|x64.ActiveCfg = Release|Any CPU
		{2B13C407-EB1E-446B-8654-DEFA27C7181D}.Release|x64.Build.0 = Release|Any CPU
		{2B13C407-EB1E-446B-8654-DEFA27C7181D}.Release|x86.ActiveCfg = Release|Any CPU
		{2B13C407-EB1E-446B-8654-DEFA27C7181D}.Release|x86.Build.0 = Release|Any CPU
		{833BE479-2DDE-468D-B1BA-00CB4F98AED6}.Debug|Any CPU.ActiveCfg = Debug|Any CPU
		{833BE479-2DDE-468D-B1BA-00CB4F98AED6}.Debug|Any CPU.Build.0 = Debug|Any CPU
		{833BE479-2DDE-468D-B1BA-00CB4F98AED6}.Debug|x64.ActiveCfg = Debug|Any CPU
		{833BE479-2DDE-468D-B1BA-00CB4F98AED6}.Debug|x64.Build.0 = Debug|Any CPU
		{833BE479-2DDE-468D-B1BA-00CB4F98AED6}.Debug|x86.ActiveCfg = Debug|Any CPU
		{833BE479-2DDE-468D-B1BA-00CB4F98AED6}.Debug|x86.Build.0 = Debug|Any CPU
		{833BE479-2DDE-468D-B1BA-00CB4F98AED6}.Release|Any CPU.ActiveCfg = Release|Any CPU
		{833BE479-2DDE-468D-B1BA-00CB4F98AED6}.Release|Any CPU.Build.0 = Release|Any CPU
		{833BE479-2DDE-468D-B1BA-00CB4F98AED6}.Release|x64.ActiveCfg = Release|Any CPU
		{833BE479-2DDE-468D-B1BA-00CB4F98AED6}.Release|x64.Build.0 = Release|Any CPU
		{833BE479-2DDE-468D-B1BA-00CB4F98AED6}.Release|x86.ActiveCfg = Release|Any CPU
		{833BE479-2DDE-468D-B1BA-00CB4F98AED6}.Release|x86.Build.0 = Release|Any CPU
		{0CF3E4FF-8DD2-40BD-9672-DA4D3270D8C3}.Debug|Any CPU.ActiveCfg = Debug|Any CPU
		{0CF3E4FF-8DD2-40BD-9672-DA4D3270D8C3}.Debug|Any CPU.Build.0 = Debug|Any CPU
		{0CF3E4FF-8DD2-40BD-9672-DA4D3270D8C3}.Debug|x64.ActiveCfg = Debug|Any CPU
		{0CF3E4FF-8DD2-40BD-9672-DA4D3270D8C3}.Debug|x64.Build.0 = Debug|Any CPU
		{0CF3E4FF-8DD2-40BD-9672-DA4D3270D8C3}.Debug|x86.ActiveCfg = Debug|Any CPU
		{0CF3E4FF-8DD2-40BD-9672-DA4D3270D8C3}.Debug|x86.Build.0 = Debug|Any CPU
		{0CF3E4FF-8DD2-40BD-9672-DA4D3270D8C3}.Release|Any CPU.ActiveCfg = Release|Any CPU
		{0CF3E4FF-8DD2-40BD-9672-DA4D3270D8C3}.Release|Any CPU.Build.0 = Release|Any CPU
		{0CF3E4FF-8DD2-40BD-9672-DA4D3270D8C3}.Release|x64.ActiveCfg = Release|Any CPU
		{0CF3E4FF-8DD2-40BD-9672-DA4D3270D8C3}.Release|x64.Build.0 = Release|Any CPU
		{0CF3E4FF-8DD2-40BD-9672-DA4D3270D8C3}.Release|x86.ActiveCfg = Release|Any CPU
		{0CF3E4FF-8DD2-40BD-9672-DA4D3270D8C3}.Release|x86.Build.0 = Release|Any CPU
		{185BCF2B-BFFA-4EAE-A411-5C98B013C71E}.Debug|Any CPU.ActiveCfg = Debug|Any CPU
		{185BCF2B-BFFA-4EAE-A411-5C98B013C71E}.Debug|Any CPU.Build.0 = Debug|Any CPU
		{185BCF2B-BFFA-4EAE-A411-5C98B013C71E}.Debug|x64.ActiveCfg = Debug|Any CPU
		{185BCF2B-BFFA-4EAE-A411-5C98B013C71E}.Debug|x64.Build.0 = Debug|Any CPU
		{185BCF2B-BFFA-4EAE-A411-5C98B013C71E}.Debug|x86.ActiveCfg = Debug|Any CPU
		{185BCF2B-BFFA-4EAE-A411-5C98B013C71E}.Debug|x86.Build.0 = Debug|Any CPU
		{185BCF2B-BFFA-4EAE-A411-5C98B013C71E}.Release|Any CPU.ActiveCfg = Release|Any CPU
		{185BCF2B-BFFA-4EAE-A411-5C98B013C71E}.Release|Any CPU.Build.0 = Release|Any CPU
		{185BCF2B-BFFA-4EAE-A411-5C98B013C71E}.Release|x64.ActiveCfg = Release|Any CPU
		{185BCF2B-BFFA-4EAE-A411-5C98B013C71E}.Release|x64.Build.0 = Release|Any CPU
		{185BCF2B-BFFA-4EAE-A411-5C98B013C71E}.Release|x86.ActiveCfg = Release|Any CPU
		{185BCF2B-BFFA-4EAE-A411-5C98B013C71E}.Release|x86.Build.0 = Release|Any CPU
		{1B6A7492-8FBC-4B32-8C2A-5F2AAFCE2BBC}.Debug|Any CPU.ActiveCfg = Debug|Any CPU
		{1B6A7492-8FBC-4B32-8C2A-5F2AAFCE2BBC}.Debug|Any CPU.Build.0 = Debug|Any CPU
		{1B6A7492-8FBC-4B32-8C2A-5F2AAFCE2BBC}.Debug|x64.ActiveCfg = Debug|Any CPU
		{1B6A7492-8FBC-4B32-8C2A-5F2AAFCE2BBC}.Debug|x64.Build.0 = Debug|Any CPU
		{1B6A7492-8FBC-4B32-8C2A-5F2AAFCE2BBC}.Debug|x86.ActiveCfg = Debug|Any CPU
		{1B6A7492-8FBC-4B32-8C2A-5F2AAFCE2BBC}.Debug|x86.Build.0 = Debug|Any CPU
		{1B6A7492-8FBC-4B32-8C2A-5F2AAFCE2BBC}.Release|Any CPU.ActiveCfg = Release|Any CPU
		{1B6A7492-8FBC-4B32-8C2A-5F2AAFCE2BBC}.Release|Any CPU.Build.0 = Release|Any CPU
		{1B6A7492-8FBC-4B32-8C2A-5F2AAFCE2BBC}.Release|x64.ActiveCfg = Release|Any CPU
		{1B6A7492-8FBC-4B32-8C2A-5F2AAFCE2BBC}.Release|x64.Build.0 = Release|Any CPU
		{1B6A7492-8FBC-4B32-8C2A-5F2AAFCE2BBC}.Release|x86.ActiveCfg = Release|Any CPU
		{1B6A7492-8FBC-4B32-8C2A-5F2AAFCE2BBC}.Release|x86.Build.0 = Release|Any CPU
		{7309237B-F7D4-4946-98D2-E45D7442EAFF}.Debug|Any CPU.ActiveCfg = Debug|Any CPU
		{7309237B-F7D4-4946-98D2-E45D7442EAFF}.Debug|Any CPU.Build.0 = Debug|Any CPU
		{7309237B-F7D4-4946-98D2-E45D7442EAFF}.Debug|x64.ActiveCfg = Debug|Any CPU
		{7309237B-F7D4-4946-98D2-E45D7442EAFF}.Debug|x64.Build.0 = Debug|Any CPU
		{7309237B-F7D4-4946-98D2-E45D7442EAFF}.Debug|x86.ActiveCfg = Debug|Any CPU
		{7309237B-F7D4-4946-98D2-E45D7442EAFF}.Debug|x86.Build.0 = Debug|Any CPU
		{7309237B-F7D4-4946-98D2-E45D7442EAFF}.Release|Any CPU.ActiveCfg = Release|Any CPU
		{7309237B-F7D4-4946-98D2-E45D7442EAFF}.Release|Any CPU.Build.0 = Release|Any CPU
		{7309237B-F7D4-4946-98D2-E45D7442EAFF}.Release|x64.ActiveCfg = Release|Any CPU
		{7309237B-F7D4-4946-98D2-E45D7442EAFF}.Release|x64.Build.0 = Release|Any CPU
		{7309237B-F7D4-4946-98D2-E45D7442EAFF}.Release|x86.ActiveCfg = Release|Any CPU
		{7309237B-F7D4-4946-98D2-E45D7442EAFF}.Release|x86.Build.0 = Release|Any CPU
		{3CDC1909-86AD-4428-B9CA-3093C05931A9}.Debug|Any CPU.ActiveCfg = Debug|Any CPU
		{3CDC1909-86AD-4428-B9CA-3093C05931A9}.Debug|Any CPU.Build.0 = Debug|Any CPU
		{3CDC1909-86AD-4428-B9CA-3093C05931A9}.Debug|x64.ActiveCfg = Debug|Any CPU
		{3CDC1909-86AD-4428-B9CA-3093C05931A9}.Debug|x64.Build.0 = Debug|Any CPU
		{3CDC1909-86AD-4428-B9CA-3093C05931A9}.Debug|x86.ActiveCfg = Debug|Any CPU
		{3CDC1909-86AD-4428-B9CA-3093C05931A9}.Debug|x86.Build.0 = Debug|Any CPU
		{3CDC1909-86AD-4428-B9CA-3093C05931A9}.Release|Any CPU.ActiveCfg = Release|Any CPU
		{3CDC1909-86AD-4428-B9CA-3093C05931A9}.Release|Any CPU.Build.0 = Release|Any CPU
		{3CDC1909-86AD-4428-B9CA-3093C05931A9}.Release|x64.ActiveCfg = Release|Any CPU
		{3CDC1909-86AD-4428-B9CA-3093C05931A9}.Release|x64.Build.0 = Release|Any CPU
		{3CDC1909-86AD-4428-B9CA-3093C05931A9}.Release|x86.ActiveCfg = Release|Any CPU
		{3CDC1909-86AD-4428-B9CA-3093C05931A9}.Release|x86.Build.0 = Release|Any CPU
		{4DD86878-087A-46F9-ADB9-1A636348AB8D}.Debug|Any CPU.ActiveCfg = Debug|Any CPU
		{4DD86878-087A-46F9-ADB9-1A636348AB8D}.Debug|Any CPU.Build.0 = Debug|Any CPU
		{4DD86878-087A-46F9-ADB9-1A636348AB8D}.Debug|x64.ActiveCfg = Debug|Any CPU
		{4DD86878-087A-46F9-ADB9-1A636348AB8D}.Debug|x64.Build.0 = Debug|Any CPU
		{4DD86878-087A-46F9-ADB9-1A636348AB8D}.Debug|x86.ActiveCfg = Debug|Any CPU
		{4DD86878-087A-46F9-ADB9-1A636348AB8D}.Debug|x86.Build.0 = Debug|Any CPU
		{4DD86878-087A-46F9-ADB9-1A636348AB8D}.Release|Any CPU.ActiveCfg = Release|Any CPU
		{4DD86878-087A-46F9-ADB9-1A636348AB8D}.Release|Any CPU.Build.0 = Release|Any CPU
		{4DD86878-087A-46F9-ADB9-1A636348AB8D}.Release|x64.ActiveCfg = Release|Any CPU
		{4DD86878-087A-46F9-ADB9-1A636348AB8D}.Release|x64.Build.0 = Release|Any CPU
		{4DD86878-087A-46F9-ADB9-1A636348AB8D}.Release|x86.ActiveCfg = Release|Any CPU
		{4DD86878-087A-46F9-ADB9-1A636348AB8D}.Release|x86.Build.0 = Release|Any CPU
		{A33FE1DD-9730-4E38-BCE2-5350F2EEB550}.Debug|Any CPU.ActiveCfg = Debug|Any CPU
		{A33FE1DD-9730-4E38-BCE2-5350F2EEB550}.Debug|Any CPU.Build.0 = Debug|Any CPU
		{A33FE1DD-9730-4E38-BCE2-5350F2EEB550}.Debug|x64.ActiveCfg = Debug|Any CPU
		{A33FE1DD-9730-4E38-BCE2-5350F2EEB550}.Debug|x64.Build.0 = Debug|Any CPU
		{A33FE1DD-9730-4E38-BCE2-5350F2EEB550}.Debug|x86.ActiveCfg = Debug|Any CPU
		{A33FE1DD-9730-4E38-BCE2-5350F2EEB550}.Debug|x86.Build.0 = Debug|Any CPU
		{A33FE1DD-9730-4E38-BCE2-5350F2EEB550}.Release|Any CPU.ActiveCfg = Release|Any CPU
		{A33FE1DD-9730-4E38-BCE2-5350F2EEB550}.Release|Any CPU.Build.0 = Release|Any CPU
		{A33FE1DD-9730-4E38-BCE2-5350F2EEB550}.Release|x64.ActiveCfg = Release|Any CPU
		{A33FE1DD-9730-4E38-BCE2-5350F2EEB550}.Release|x64.Build.0 = Release|Any CPU
		{A33FE1DD-9730-4E38-BCE2-5350F2EEB550}.Release|x86.ActiveCfg = Release|Any CPU
		{A33FE1DD-9730-4E38-BCE2-5350F2EEB550}.Release|x86.Build.0 = Release|Any CPU
		{0EE1AC21-2ADA-4BB1-AC95-E407F2507491}.Debug|Any CPU.ActiveCfg = Debug|Any CPU
		{0EE1AC21-2ADA-4BB1-AC95-E407F2507491}.Debug|Any CPU.Build.0 = Debug|Any CPU
		{0EE1AC21-2ADA-4BB1-AC95-E407F2507491}.Debug|x64.ActiveCfg = Debug|Any CPU
		{0EE1AC21-2ADA-4BB1-AC95-E407F2507491}.Debug|x64.Build.0 = Debug|Any CPU
		{0EE1AC21-2ADA-4BB1-AC95-E407F2507491}.Debug|x86.ActiveCfg = Debug|Any CPU
		{0EE1AC21-2ADA-4BB1-AC95-E407F2507491}.Debug|x86.Build.0 = Debug|Any CPU
		{0EE1AC21-2ADA-4BB1-AC95-E407F2507491}.Release|Any CPU.ActiveCfg = Release|Any CPU
		{0EE1AC21-2ADA-4BB1-AC95-E407F2507491}.Release|Any CPU.Build.0 = Release|Any CPU
		{0EE1AC21-2ADA-4BB1-AC95-E407F2507491}.Release|x64.ActiveCfg = Release|Any CPU
		{0EE1AC21-2ADA-4BB1-AC95-E407F2507491}.Release|x64.Build.0 = Release|Any CPU
		{0EE1AC21-2ADA-4BB1-AC95-E407F2507491}.Release|x86.ActiveCfg = Release|Any CPU
		{0EE1AC21-2ADA-4BB1-AC95-E407F2507491}.Release|x86.Build.0 = Release|Any CPU
		{C9CD3EFD-5131-47CC-B4B9-FEC87477C327}.Debug|Any CPU.ActiveCfg = Debug|Any CPU
		{C9CD3EFD-5131-47CC-B4B9-FEC87477C327}.Debug|Any CPU.Build.0 = Debug|Any CPU
		{C9CD3EFD-5131-47CC-B4B9-FEC87477C327}.Debug|x64.ActiveCfg = Debug|Any CPU
		{C9CD3EFD-5131-47CC-B4B9-FEC87477C327}.Debug|x64.Build.0 = Debug|Any CPU
		{C9CD3EFD-5131-47CC-B4B9-FEC87477C327}.Debug|x86.ActiveCfg = Debug|Any CPU
		{C9CD3EFD-5131-47CC-B4B9-FEC87477C327}.Debug|x86.Build.0 = Debug|Any CPU
		{C9CD3EFD-5131-47CC-B4B9-FEC87477C327}.Release|Any CPU.ActiveCfg = Release|Any CPU
		{C9CD3EFD-5131-47CC-B4B9-FEC87477C327}.Release|Any CPU.Build.0 = Release|Any CPU
		{C9CD3EFD-5131-47CC-B4B9-FEC87477C327}.Release|x64.ActiveCfg = Release|Any CPU
		{C9CD3EFD-5131-47CC-B4B9-FEC87477C327}.Release|x64.Build.0 = Release|Any CPU
		{C9CD3EFD-5131-47CC-B4B9-FEC87477C327}.Release|x86.ActiveCfg = Release|Any CPU
		{C9CD3EFD-5131-47CC-B4B9-FEC87477C327}.Release|x86.Build.0 = Release|Any CPU
		{3B845A8C-90B9-4886-BD11-7873DDF96DB8}.Debug|Any CPU.ActiveCfg = Debug|Any CPU
		{3B845A8C-90B9-4886-BD11-7873DDF96DB8}.Debug|Any CPU.Build.0 = Debug|Any CPU
		{3B845A8C-90B9-4886-BD11-7873DDF96DB8}.Debug|x64.ActiveCfg = Debug|Any CPU
		{3B845A8C-90B9-4886-BD11-7873DDF96DB8}.Debug|x64.Build.0 = Debug|Any CPU
		{3B845A8C-90B9-4886-BD11-7873DDF96DB8}.Debug|x86.ActiveCfg = Debug|Any CPU
		{3B845A8C-90B9-4886-BD11-7873DDF96DB8}.Debug|x86.Build.0 = Debug|Any CPU
		{3B845A8C-90B9-4886-BD11-7873DDF96DB8}.Release|Any CPU.ActiveCfg = Release|Any CPU
		{3B845A8C-90B9-4886-BD11-7873DDF96DB8}.Release|Any CPU.Build.0 = Release|Any CPU
		{3B845A8C-90B9-4886-BD11-7873DDF96DB8}.Release|x64.ActiveCfg = Release|Any CPU
		{3B845A8C-90B9-4886-BD11-7873DDF96DB8}.Release|x64.Build.0 = Release|Any CPU
		{3B845A8C-90B9-4886-BD11-7873DDF96DB8}.Release|x86.ActiveCfg = Release|Any CPU
		{3B845A8C-90B9-4886-BD11-7873DDF96DB8}.Release|x86.Build.0 = Release|Any CPU
		{0D56C92B-94F4-444F-997D-8C5BB37681F7}.Debug|Any CPU.ActiveCfg = Debug|Any CPU
		{0D56C92B-94F4-444F-997D-8C5BB37681F7}.Debug|Any CPU.Build.0 = Debug|Any CPU
		{0D56C92B-94F4-444F-997D-8C5BB37681F7}.Debug|x64.ActiveCfg = Debug|Any CPU
		{0D56C92B-94F4-444F-997D-8C5BB37681F7}.Debug|x64.Build.0 = Debug|Any CPU
		{0D56C92B-94F4-444F-997D-8C5BB37681F7}.Debug|x86.ActiveCfg = Debug|Any CPU
		{0D56C92B-94F4-444F-997D-8C5BB37681F7}.Debug|x86.Build.0 = Debug|Any CPU
		{0D56C92B-94F4-444F-997D-8C5BB37681F7}.Release|Any CPU.ActiveCfg = Release|Any CPU
		{0D56C92B-94F4-444F-997D-8C5BB37681F7}.Release|Any CPU.Build.0 = Release|Any CPU
		{0D56C92B-94F4-444F-997D-8C5BB37681F7}.Release|x64.ActiveCfg = Release|Any CPU
		{0D56C92B-94F4-444F-997D-8C5BB37681F7}.Release|x64.Build.0 = Release|Any CPU
		{0D56C92B-94F4-444F-997D-8C5BB37681F7}.Release|x86.ActiveCfg = Release|Any CPU
		{0D56C92B-94F4-444F-997D-8C5BB37681F7}.Release|x86.Build.0 = Release|Any CPU
		{562A20C1-587A-46DA-B902-7D97CDC44278}.Debug|Any CPU.ActiveCfg = Debug|Any CPU
		{562A20C1-587A-46DA-B902-7D97CDC44278}.Debug|Any CPU.Build.0 = Debug|Any CPU
		{562A20C1-587A-46DA-B902-7D97CDC44278}.Debug|x64.ActiveCfg = Debug|Any CPU
		{562A20C1-587A-46DA-B902-7D97CDC44278}.Debug|x64.Build.0 = Debug|Any CPU
		{562A20C1-587A-46DA-B902-7D97CDC44278}.Debug|x86.ActiveCfg = Debug|Any CPU
		{562A20C1-587A-46DA-B902-7D97CDC44278}.Debug|x86.Build.0 = Debug|Any CPU
		{562A20C1-587A-46DA-B902-7D97CDC44278}.Release|Any CPU.ActiveCfg = Release|Any CPU
		{562A20C1-587A-46DA-B902-7D97CDC44278}.Release|Any CPU.Build.0 = Release|Any CPU
		{562A20C1-587A-46DA-B902-7D97CDC44278}.Release|x64.ActiveCfg = Release|Any CPU
		{562A20C1-587A-46DA-B902-7D97CDC44278}.Release|x64.Build.0 = Release|Any CPU
		{562A20C1-587A-46DA-B902-7D97CDC44278}.Release|x86.ActiveCfg = Release|Any CPU
		{562A20C1-587A-46DA-B902-7D97CDC44278}.Release|x86.Build.0 = Release|Any CPU
	EndGlobalSection
	GlobalSection(SolutionProperties) = preSolution
		HideSolutionNode = FALSE
	EndGlobalSection
	GlobalSection(NestedProjects) = preSolution
		{7ACA0E8B-250C-4EF8-845E-98AB967128AD} = {827E0CD3-B72D-47B6-A68D-7590B98EB39B}
		{E61813AE-3BA7-402E-AEEF-55D46137CBD4} = {827E0CD3-B72D-47B6-A68D-7590B98EB39B}
		{F1D4CC91-AE63-47D9-83EA-14060A8FE859} = {827E0CD3-B72D-47B6-A68D-7590B98EB39B}
		{2B13C407-EB1E-446B-8654-DEFA27C7181D} = {827E0CD3-B72D-47B6-A68D-7590B98EB39B}
		{833BE479-2DDE-468D-B1BA-00CB4F98AED6} = {3CC8CC5A-CCC5-46AF-9BC4-0995ED486166}
		{0CF3E4FF-8DD2-40BD-9672-DA4D3270D8C3} = {02EA681E-C7D8-13C7-8484-4AC65E1B71E8}
		{185BCF2B-BFFA-4EAE-A411-5C98B013C71E} = {02EA681E-C7D8-13C7-8484-4AC65E1B71E8}
		{1B6A7492-8FBC-4B32-8C2A-5F2AAFCE2BBC} = {02EA681E-C7D8-13C7-8484-4AC65E1B71E8}
		{7309237B-F7D4-4946-98D2-E45D7442EAFF} = {827E0CD3-B72D-47B6-A68D-7590B98EB39B}
		{3CDC1909-86AD-4428-B9CA-3093C05931A9} = {02EA681E-C7D8-13C7-8484-4AC65E1B71E8}
		{4DD86878-087A-46F9-ADB9-1A636348AB8D} = {827E0CD3-B72D-47B6-A68D-7590B98EB39B}
		{A33FE1DD-9730-4E38-BCE2-5350F2EEB550} = {02EA681E-C7D8-13C7-8484-4AC65E1B71E8}
		{0EE1AC21-2ADA-4BB1-AC95-E407F2507491} = {02EA681E-C7D8-13C7-8484-4AC65E1B71E8}
		{C9CD3EFD-5131-47CC-B4B9-FEC87477C327} = {827E0CD3-B72D-47B6-A68D-7590B98EB39B}
		{3B845A8C-90B9-4886-BD11-7873DDF96DB8} = {02EA681E-C7D8-13C7-8484-4AC65E1B71E8}
		{0D56C92B-94F4-444F-997D-8C5BB37681F7} = {02EA681E-C7D8-13C7-8484-4AC65E1B71E8}
		{562A20C1-587A-46DA-B902-7D97CDC44278} = {02EA681E-C7D8-13C7-8484-4AC65E1B71E8}
	EndGlobalSection
EndGlobal
